{
  "version": 4,
  "terraform_version": "1.5.7",
  "serial": 2,
  "lineage": "e5314af6-90d5-8a30-c872-0ec74e53cad4",
  "outputs": {
    "bucket_name": {
      "value": "awesome-01-bucket-unique5632",
      "type": "string"
    },
    "bucket_url": {
      "value": "gs://awesome-01-bucket-unique5632",
      "type": "string"
    }
  },
  "resources": [
    {
      "mode": "managed",
      "type": "google_storage_bucket",
      "name": "private_multi_region_bucket",
      "provider": "provider[\"registry.terraform.io/hashicorp/google\"]",
      "instances": [
        {
          "schema_version": 3,
          "attributes": {
            "autoclass": [],
            "cors": [],
            "custom_placement_config": [],
            "default_event_based_hold": false,
            "effective_labels": {
              "environment": "dev",
              "goog-terraform-provisioned": "true"
            },
            "enable_object_retention": false,
            "encryption": [],
            "force_destroy": false,
            "hierarchical_namespace": [
              {
                "enabled": false
              }
            ],
            "id": "awesome-01-bucket-unique5632",
            "ip_filter": [],
            "labels": {
              "environment": "dev"
            },
            "lifecycle_rule": [],
            "location": "US",
            "logging": [],
            "name": "awesome-01-bucket-unique5632",
            "project": "gdg-trainer-session",
            "project_number": 540239902990,
            "public_access_prevention": "enforced",
            "requester_pays": false,
            "retention_policy": [],
            "rpo": "DEFAULT",
            "self_link": "https://www.googleapis.com/storage/v1/b/awesome-01-bucket-unique5632",
            "soft_delete_policy": [
              {
                "effective_time": "2026-05-16T09:37:52.639Z",
                "retention_duration_seconds": 604800
              }
            ],
            "storage_class": "STANDARD",
            "terraform_labels": {
              "environment": "dev",
              "goog-terraform-provisioned": "true"
            },
            "time_created": "2026-05-16T09:37:52.639Z",
            "timeouts": null,
            "uniform_bucket_level_access": true,
            "updated": "2026-05-16T09:37:52.639Z",
            "url": "gs://awesome-01-bucket-unique5632",
            "versioning": [
              {
                "enabled": true
              }
            ],
            "website": []
          },
          "sensitive_attributes": [],
          "private": "eyJlMmJmYjczMC1lY2FhLTExZTYtOGY4OC0zNDM2M2JjN2M0YzAiOnsiY3JlYXRlIjo2MDAwMDAwMDAwMDAsInJlYWQiOjI0MDAwMDAwMDAwMCwidXBkYXRlIjoyNDAwMDAwMDAwMDB9LCJzY2hlbWFfdmVyc2lvbiI6IjMifQ=="
        }
      ]
    }
  ],
  "check_results": null
}
